
Microsoft Visual Studio Solution File, Format Version 12.00
# Visual Studio 16
Project("{FAE04EC0-301F-11D3-BF4B-00C04F79EFBC}") = "Assembly-CSharp", "Assembly-CSharp.csproj", "{19C9E6CF-36E6-DCFB-E22F-1E75D82E6025}"
EndProject
Project("{FAE04EC0-301F-11D3-BF4B-00C04F79EFBC}") = "Assembly-CSharp-firstpass", "Assembly-CSharp-firstpass.csproj", "{07689CD3-71ED-FB60-AB85-A61E6E4C2D25}"
EndProject
Project("{FAE04EC0-301F-11D3-BF4B-00C04F79EFBC}") = "Assembly-CSharp-Editor-firstpass", "Assembly-CSharp-Editor-firstpass.csproj", "{5E1ED117-C39D-FDE9-23E6-6485B0153421}"
EndProject
Project("{FAE04EC0-301F-11D3-BF4B-00C04F79EFBC}") = "Assembly-CSharp-Editor", "Assembly-CSharp-Editor.csproj", "{AB2C78BD-2C21-F8E7-C95B-7BE5CDB1CA55}"
EndProject
Global
	GlobalSection(SolutionConfigurationPlatforms) = preSolution
		Debug|Any CPU = Debug|Any CPU
		Release|Any CPU = Release|Any CPU
	EndGlobalSection
	GlobalSection(ProjectConfigurationPlatforms) = postSolution
		{19C9E6CF-36E6-DCFB-E22F-1E75D82E6025}.Debug|Any CPU.ActiveCfg = Debug|Any CPU
		{19C9E6CF-36E6-DCFB-E22F-1E75D82E6025}.Debug|Any CPU.Build.0 = Debug|Any CPU
		{19C9E6CF-36E6-DCFB-E22F-1E75D82E6025}.Release|Any CPU.ActiveCfg = Release|Any CPU
		{19C9E6CF-36E6-DCFB-E22F-1E75D82E6025}.Release|Any CPU.Build.0 = Release|Any CPU
		{07689CD3-71ED-FB60-AB85-A61E6E4C2D25}.Debug|Any CPU.ActiveCfg = Debug|Any CPU
		{07689CD3-71ED-FB60-AB85-A61E6E4C2D25}.Debug|Any CPU.Build.0 = Debug|Any CPU
		{07689CD3-71ED-FB60-AB85-A61E6E4C2D25}.Release|Any CPU.ActiveCfg = Release|Any CPU
		{07689CD3-71ED-FB60-AB85-A61E6E4C2D25}.Release|Any CPU.Build.0 = Release|Any CPU
		{5E1ED117-C39D-FDE9-23E6-6485B0153421}.Debug|Any CPU.ActiveCfg = Debug|Any CPU
		{5E1ED117-C39D-FDE9-23E6-6485B0153421}.Debug|Any CPU.Build.0 = Debug|Any CPU
		{5E1ED117-C39D-FDE9-23E6-6485B0153421}.Release|Any CPU.ActiveCfg = Release|Any CPU
		{5E1ED117-C39D-FDE9-23E6-6485B0153421}.Release|Any CPU.Build.0 = Release|Any CPU
		{AB2C78BD-2C21-F8E7-C95B-7BE5CDB1CA55}.Debug|Any CPU.ActiveCfg = Debug|Any CPU
		{AB2C78BD-2C21-F8E7-C95B-7BE5CDB1CA55}.Debug|Any CPU.Build.0 = Debug|Any CPU
		{AB2C78BD-2C21-F8E7-C95B-7BE5CDB1CA55}.Release|Any CPU.ActiveCfg = Release|Any CPU
		{AB2C78BD-2C21-F8E7-C95B-7BE5CDB1CA55}.Release|Any CPU.Build.0 = Release|Any CPU
	EndGlobalSection
	GlobalSection(SolutionProperties) = preSolution
		HideSolutionNode = FALSE
	EndGlobalSection
EndGlobal
