
Microsoft Visual Studio Solution File, Format Version 11.00
# Visual Studio 2010
Project("{FAE04EC0-301F-11D3-BF4B-00C04F79EFBC}") = "Assembly-CSharp", "Assembly-CSharp.csproj", "{61B4BAC3-ECDA-3594-06F3-07687EDFB0BB}"
EndProject
Project("{FAE04EC0-301F-11D3-BF4B-00C04F79EFBC}") = "Assembly-CSharp-firstpass", "Assembly-CSharp-firstpass.csproj", "{79CD6DE8-649B-5A77-2259-9B0A06405E62}"
EndProject
Project("{FAE04EC0-301F-11D3-BF4B-00C04F79EFBC}") = "Assembly-CSharp-Editor-firstpass", "Assembly-CSharp-Editor-firstpass.csproj", "{1E05FC88-4BE2-4EEC-C5A5-1B007590EDA1}"
EndProject
Project("{FAE04EC0-301F-11D3-BF4B-00C04F79EFBC}") = "Assembly-CSharp-Editor", "Assembly-CSharp-Editor.csproj", "{4EBC0AED-8F3E-F52F-5A58-07AD87E9DC5B}"
EndProject
Global
	GlobalSection(SolutionConfigurationPlatforms) = preSolution
		Debug|Any CPU = Debug|Any CPU
		Release|Any CPU = Release|Any CPU
	EndGlobalSection
	GlobalSection(ProjectConfigurationPlatforms) = postSolution
		{61B4BAC3-ECDA-3594-06F3-07687EDFB0BB}.Debug|Any CPU.ActiveCfg = Debug|Any CPU
		{61B4BAC3-ECDA-3594-06F3-07687EDFB0BB}.Debug|Any CPU.Build.0 = Debug|Any CPU
		{61B4BAC3-ECDA-3594-06F3-07687EDFB0BB}.Release|Any CPU.ActiveCfg = Release|Any CPU
		{61B4BAC3-ECDA-3594-06F3-07687EDFB0BB}.Release|Any CPU.Build.0 = Release|Any CPU
		{79CD6DE8-649B-5A77-2259-9B0A06405E62}.Debug|Any CPU.ActiveCfg = Debug|Any CPU
		{79CD6DE8-649B-5A77-2259-9B0A06405E62}.Debug|Any CPU.Build.0 = Debug|Any CPU
		{79CD6DE8-649B-5A77-2259-9B0A06405E62}.Release|Any CPU.ActiveCfg = Release|Any CPU
		{79CD6DE8-649B-5A77-2259-9B0A06405E62}.Release|Any CPU.Build.0 = Release|Any CPU
		{1E05FC88-4BE2-4EEC-C5A5-1B007590EDA1}.Debug|Any CPU.ActiveCfg = Debug|Any CPU
		{1E05FC88-4BE2-4EEC-C5A5-1B007590EDA1}.Debug|Any CPU.Build.0 = Debug|Any CPU
		{1E05FC88-4BE2-4EEC-C5A5-1B007590EDA1}.Release|Any CPU.ActiveCfg = Release|Any CPU
		{1E05FC88-4BE2-4EEC-C5A5-1B007590EDA1}.Release|Any CPU.Build.0 = Release|Any CPU
		{4EBC0AED-8F3E-F52F-5A58-07AD87E9DC5B}.Debug|Any CPU.ActiveCfg = Debug|Any CPU
		{4EBC0AED-8F3E-F52F-5A58-07AD87E9DC5B}.Debug|Any CPU.Build.0 = Debug|Any CPU
		{4EBC0AED-8F3E-F52F-5A58-07AD87E9DC5B}.Release|Any CPU.ActiveCfg = Release|Any CPU
		{4EBC0AED-8F3E-F52F-5A58-07AD87E9DC5B}.Release|Any CPU.Build.0 = Release|Any CPU
	EndGlobalSection
	GlobalSection(SolutionProperties) = preSolution
		HideSolutionNode = FALSE
	EndGlobalSection
EndGlobal
